// !$*UTF8*$!
{
	archiveVersion = 1;
	classes = {
	};
	objectVersion = 46;
	objects = {

/* Begin PBXBuildFile section */
		3F67B10E1C66E3C400DED0C8 /* AppDelegate.swift in Sources */ = {isa = PBXBuildFile; fileRef = 3F67B10D1C66E3C400DED0C8 /* AppDelegate.swift */; };
		3F67B1101C66E3C400DED0C8 /* ViewController.swift in Sources */ = {isa = PBXBuildFile; fileRef = 3F67B10F1C66E3C400DED0C8 /* ViewController.swift */; };
		3F67B1131C66E3C400DED0C8 /* Main.storyboard in Resources */ = {isa = PBXBuildFile; fileRef = 3F67B1111C66E3C400DED0C8 /* Main.storyboard */; };
		3F67B1151C66E3C400DED0C8 /* Assets.xcassets in Resources */ = {isa = PBXBuildFile; fileRef = 3F67B1141C66E3C400DED0C8 /* Assets.xcassets */; };
		3F67B1181C66E3C400DED0C8 /* LaunchScreen.storyboard in Resources */ = {isa = PBXBuildFile; fileRef = 3F67B1161C66E3C400DED0C8 /* LaunchScreen.storyboard */; };
		3F67B1231C66E3C400DED0C8 /* Third_College_Profile_builderTests.swift in Sources */ = {isa = PBXBuildFile; fileRef = 3F67B1221C66E3C400DED0C8 /* Third_College_Profile_builderTests.swift */; };
		3F67B12E1C66E3C400DED0C8 /* Third_College_Profile_builderUITests.swift in Sources */ = {isa = PBXBuildFile; fileRef = 3F67B12D1C66E3C400DED0C8 /* Third_College_Profile_builderUITests.swift */; };
		3F67B1B01C6ADAB800DED0C8 /* DetailViewController.swift in Sources */ = {isa = PBXBuildFile; fileRef = 3F67B1AF1C6ADAB800DED0C8 /* DetailViewController.swift */; };
		3F67B1B21C6B76AE00DED0C8 /* College.swift in Sources */ = {isa = PBXBuildFile; fileRef = 3F67B1B11C6B76AE00DED0C8 /* College.swift */; };
		3F8E2B091CF68A8E00CBE182 /* MapViewController.swift in Sources */ = {isa = PBXBuildFile; fileRef = 3F8E2B081CF68A8E00CBE182 /* MapViewController.swift */; };
/* End PBXBuildFile section */

/* Begin PBXContainerItemProxy section */
		3F67B11F1C66E3C400DED0C8 /* PBXContainerItemProxy */ = {
			isa = PBXContainerItemProxy;
			containerPortal = 3F67B1021C66E3C400DED0C8 /* Project object */;
			proxyType = 1;
			remoteGlobalIDString = 3F67B1091C66E3C400DED0C8;
			remoteInfo = "Third College Profile builder";
		};
		3F67B12A1C66E3C400DED0C8 /* PBXContainerItemProxy */ = {
			isa = PBXContainerItemProxy;
			containerPortal = 3F67B1021C66E3C400DED0C8 /* Project object */;
			proxyType = 1;
			remoteGlobalIDString = 3F67B1091C66E3C400DED0C8;
			remoteInfo = "Third College Profile builder";
		};
/* End PBXContainerItemProxy section */

/* Begin PBXFileReference section */
		3F67B10A1C66E3C400DED0C8 /* Third College Profile builder.app */ = {isa = PBXFileReference; explicitFileType = wrapper.application; includeInIndex = 0; path = "Third College Profile builder.app"; sourceTree = BUILT_PRODUCTS_DIR; };
		3F67B10D1C66E3C400DED0C8 /* AppDelegate.swift */ = {isa = PBXFileReference; lastKnownFileType = sourcecode.swift; path = AppDelegate.swift; sourceTree = "<group>"; };
		3F67B10F1C66E3C400DED0C8 /* ViewController.swift */ = {isa = PBXFileReference; lastKnownFileType = sourcecode.swift; path = ViewController.swift; sourceTree = "<group>"; };
		3F67B1121C66E3C400DED0C8 /* Base */ = {isa = PBXFileReference; lastKnownFileType = file.storyboard; name = Base; path = Base.lproj/Main.storyboard; sourceTree = "<group>"; };
		3F67B1141C66E3C400DED0C8 /* Assets.xcassets */ = {isa = PBXFileReference; lastKnownFileType = folder.assetcatalog; path = Assets.xcassets; sourceTree = "<group>"; };
		3F67B1171C66E3C400DED0C8 /* Base */ = {isa = PBXFileReference; lastKnownFileType = file.storyboard; name = Base; path = Base.lproj/LaunchScreen.storyboard; sourceTree = "<group>"; };
		3F67B1191C66E3C400DED0C8 /* Info.plist */ = {isa = PBXFileReference; lastKnownFileType = text.plist.xml; path = Info.plist; sourceTree = "<group>"; };
		3F67B11E1C66E3C400DED0C8 /* Third College Profile builderTests.xctest */ = {isa = PBXFileReference; explicitFileType = wrapper.cfbundle; includeInIndex = 0; path = "Third College Profile builderTests.xctest"; sourceTree = BUILT_PRODUCTS_DIR; };
		3F67B1221C66E3C400DED0C8 /* Third_College_Profile_builderTests.swift */ = {isa = PBXFileReference; lastKnownFileType = sourcecode.swift; path = Third_College_Profile_builderTests.swift; sourceTree = "<group>"; };
		3F67B1241C66E3C400DED0C8 /* Info.plist */ = {isa = PBXFileReference; lastKnownFileType = text.plist.xml; path = Info.plist; sourceTree = "<group>"; };
		3F67B1291C66E3C400DED0C8 /* Third College Profile builderUITests.xctest */ = {isa = PBXFileReference; explicitFileType = wrapper.cfbundle; includeInIndex = 0; path = "Third College Profile builderUITests.xctest"; sourceTree = BUILT_PRODUCTS_DIR; };
		3F67B12D1C66E3C400DED0C8 /* Third_College_Profile_builderUITests.swift */ = {isa = PBXFileReference; lastKnownFileType = sourcecode.swift; path = Third_College_Profile_builderUITests.swift; sourceTree = "<group>"; };
		3F67B12F1C66E3C400DED0C8 /* Info.plist */ = {isa = PBXFileReference; lastKnownFileType = text.plist.xml; path = Info.plist; sourceTree = "<group>"; };
		3F67B1AF1C6ADAB800DED0C8 /* DetailViewController.swift */ = {isa = PBXFileReference; fileEncoding = 4; lastKnownFileType = sourcecode.swift; path = DetailViewController.swift; sourceTree = "<group>"; };
		3F67B1B11C6B76AE00DED0C8 /* College.swift */ = {isa = PBXFileReference; fileEncoding = 4; lastKnownFileType = sourcecode.swift; path = College.swift; sourceTree = "<group>"; };
		3F8E2B081CF68A8E00CBE182 /* MapViewController.swift */ = {isa = PBXFileReference; fileEncoding = 4; lastKnownFileType = sourcecode.swift; path = MapViewController.swift; sourceTree = "<group>"; };
/* End PBXFileReference section */

/* Begin PBXFrameworksBuildPhase section */
		3F67B1071C66E3C400DED0C8 /* Frameworks */ = {
			isa = PBXFrameworksBuildPhase;
			buildActionMask = 2147483647;
			files = (
			);
			runOnlyForDeploymentPostprocessing = 0;
		};
		3F67B11B1C66E3C400DED0C8 /* Frameworks */ = {
			isa = PBXFrameworksBuildPhase;
			buildActionMask = 2147483647;
			files = (
			);
			runOnlyForDeploymentPostprocessing = 0;
		};
		3F67B1261C66E3C400DED0C8 /* Frameworks */ = {
			isa = PBXFrameworksBuildPhase;
			buildActionMask = 2147483647;
			files = (
			);
			runOnlyForDeploymentPostprocessing = 0;
		};
/* End PBXFrameworksBuildPhase section */

/* Begin PBXGroup section */
		3F67B1011C66E3C400DED0C8 = {
			isa = PBXGroup;
			children = (
				3F67B10C1C66E3C400DED0C8 /* Third College Profile builder */,
				3F67B1211C66E3C400DED0C8 /* Third College Profile builderTests */,
				3F67B12C1C66E3C400DED0C8 /* Third College Profile builderUITests */,
				3F67B10B1C66E3C400DED0C8 /* Products */,
			);
			sourceTree = "<group>";
		};
		3F67B10B1C66E3C400DED0C8 /* Products */ = {
			isa = PBXGroup;
			children = (
				3F67B10A1C66E3C400DED0C8 /* Third College Profile builder.app */,
				3F67B11E1C66E3C400DED0C8 /* Third College Profile builderTests.xctest */,
				3F67B1291C66E3C400DED0C8 /* Third College Profile builderUITests.xctest */,
			);
			name = Products;
			sourceTree = "<group>";
		};
		3F67B10C1C66E3C400DED0C8 /* Third College Profile builder */ = {
			isa = PBXGroup;
			children = (
				3F67B10D1C66E3C400DED0C8 /* AppDelegate.swift */,
				3F67B10F1C66E3C400DED0C8 /* ViewController.swift */,
				3F67B1AF1C6ADAB800DED0C8 /* DetailViewController.swift */,
				3F67B1B11C6B76AE00DED0C8 /* College.swift */,
				3F8E2B081CF68A8E00CBE182 /* MapViewController.swift */,
				3F67B1111C66E3C400DED0C8 /* Main.storyboard */,
				3F67B1141C66E3C400DED0C8 /* Assets.xcassets */,
				3F67B1161C66E3C400DED0C8 /* LaunchScreen.storyboard */,
				3F67B1191C66E3C400DED0C8 /* Info.plist */,
			);
			path = "Third College Profile builder";
			sourceTree = "<group>";
		};
		3F67B1211C66E3C400DED0C8 /* Third College Profile builderTests */ = {
			isa = PBXGroup;
			children = (
				3F67B1221C66E3C400DED0C8 /* Third_College_Profile_builderTests.swift */,
				3F67B1241C66E3C400DED0C8 /* Info.plist */,
			);
			path = "Third College Profile builderTests";
			sourceTree = "<group>";
		};
		3F67B12C1C66E3C400DED0C8 /* Third College Profile builderUITests */ = {
			isa = PBXGroup;
			children = (
				3F67B12D1C66E3C400DED0C8 /* Third_College_Profile_builderUITests.swift */,
				3F67B12F1C66E3C400DED0C8 /* Info.plist */,
			);
			path = "Third College Profile builderUITests";
			sourceTree = "<group>";
		};
/* End PBXGroup section */

/* Begin PBXNativeTarget section */
		3F67B1091C66E3C400DED0C8 /* Third College Profile builder */ = {
			isa = PBXNativeTarget;
			buildConfigurationList = 3F67B1321C66E3C500DED0C8 /* Build configuration list for PBXNativeTarget "Third College Profile builder" */;
			buildPhases = (
				3F67B1061C66E3C400DED0C8 /* Sources */,
				3F67B1071C66E3C400DED0C8 /* Frameworks */,
				3F67B1081C66E3C400DED0C8 /* Resources */,
			);
			buildRules = (
			);
			dependencies = (
			);
			name = "Third College Profile builder";
			productName = "Third College Profile builder";
			productReference = 3F67B10A1C66E3C400DED0C8 /* Third College Profile builder.app */;
			productType = "com.apple.product-type.application";
		};
		3F67B11D1C66E3C400DED0C8 /* Third College Profile builderTests */ = {
			isa = PBXNativeTarget;
			buildConfigurationList = 3F67B1351C66E3C500DED0C8 /* Build configuration list for PBXNativeTarget "Third College Profile builderTests" */;
			buildPhases = (
				3F67B11A1C66E3C400DED0C8 /* Sources */,
				3F67B11B1C66E3C400DED0C8 /* Frameworks */,
				3F67B11C1C66E3C400DED0C8 /* Resources */,
			);
			buildRules = (
			);
			dependencies = (
				3F67B1201C66E3C400DED0C8 /* PBXTargetDependency */,
			);
			name = "Third College Profile builderTests";
			productName = "Third College Profile builderTests";
			productReference = 3F67B11E1C66E3C400DED0C8 /* Third College Profile builderTests.xctest */;
			productType = "com.apple.product-type.bundle.unit-test";
		};
		3F67B1281C66E3C400DED0C8 /* Third College Profile builderUITests */ = {
			isa = PBXNativeTarget;
			buildConfigurationList = 3F67B1381C66E3C500DED0C8 /* Build configuration list for PBXNativeTarget "Third College Profile builderUITests" */;
			buildPhases = (
				3F67B1251C66E3C400DED0C8 /* Sources */,
				3F67B1261C66E3C400DED0C8 /* Frameworks */,
				3F67B1271C66E3C400DED0C8 /* Resources */,
			);
			buildRules = (
			);
			dependencies = (
				3F67B12B1C66E3C400DED0C8 /* PBXTargetDependency */,
			);
			name = "Third College Profile builderUITests";
			productName = "Third College Profile builderUITests";
			productReference = 3F67B1291C66E3C400DED0C8 /* Third College Profile builderUITests.xctest */;
			productType = "com.apple.product-type.bundle.ui-testing";
		};
/* End PBXNativeTarget section */

/* Begin PBXProject section */
		3F67B1021C66E3C400DED0C8 /* Project object */ = {
			isa = PBXProject;
			attributes = {
				LastSwiftUpdateCheck = 0720;
				LastUpgradeCheck = 0720;
				ORGANIZATIONNAME = Student;
				TargetAttributes = {
					3F67B1091C66E3C400DED0C8 = {
						CreatedOnToolsVersion = 7.2;
						DevelopmentTeam = HJVUH6A6V2;
					};
					3F67B11D1C66E3C400DED0C8 = {
						CreatedOnToolsVersion = 7.2;
						DevelopmentTeam = HJVUH6A6V2;
						TestTargetID = 3F67B1091C66E3C400DED0C8;
					};
					3F67B1281C66E3C400DED0C8 = {
						CreatedOnToolsVersion = 7.2;
						DevelopmentTeam = HJVUH6A6V2;
						TestTargetID = 3F67B1091C66E3C400DED0C8;
					};
				};
			};
			buildConfigurationList = 3F67B1051C66E3C400DED0C8 /* Build configuration list for PBXProject "Third College Profile builder" */;
			compatibilityVersion = "Xcode 3.2";
			developmentRegion = English;
			hasScannedForEncodings = 0;
			knownRegions = (
				en,
				Base,
			);
			mainGroup = 3F67B1011C66E3C400DED0C8;
			productRefGroup = 3F67B10B1C66E3C400DED0C8 /* Products */;
			projectDirPath = "";
			projectRoot = "";
			targets = (
				3F67B1091C66E3C400DED0C8 /* Third College Profile builder */,
				3F67B11D1C66E3C400DED0C8 /* Third College Profile builderTests */,
				3F67B1281C66E3C400DED0C8 /* Third College Profile builderUITests */,
			);
		};
/* End PBXProject section */

/* Begin PBXResourcesBuildPhase section */
		3F67B1081C66E3C400DED0C8 /* Resources */ = {
			isa = PBXResourcesBuildPhase;
			buildActionMask = 2147483647;
			files = (
				3F67B1181C66E3C400DED0C8 /* LaunchScreen.storyboard in Resources */,
				3F67B1151C66E3C400DED0C8 /* Assets.xcassets in Resources */,
				3F67B1131C66E3C400DED0C8 /* Main.storyboard in Resources */,
			);
			runOnlyForDeploymentPostprocessing = 0;
		};
		3F67B11C1C66E3C400DED0C8 /* Resources */ = {
			isa = PBXResourcesBuildPhase;
			buildActionMask = 2147483647;
			files = (
			);
			runOnlyForDeploymentPostprocessing = 0;
		};
		3F67B1271C66E3C400DED0C8 /* Resources */ = {
			isa = PBXResourcesBuildPhase;
			buildActionMask = 2147483647;
			files = (
			);
			runOnlyForDeploymentPostprocessing = 0;
		};
/* End PBXResourcesBuildPhase section */

/* Begin PBXSourcesBuildPhase section */
		3F67B1061C66E3C400DED0C8 /* Sources */ = {
			isa = PBXSourcesBuildPhase;
			buildActionMask = 2147483647;
			files = (
				3F67B1B01C6ADAB800DED0C8 /* DetailViewController.swift in Sources */,
				3F67B1101C66E3C400DED0C8 /* ViewController.swift in Sources */,
				3F67B10E1C66E3C400DED0C8 /* AppDelegate.swift in Sources */,
				3F8E2B091CF68A8E00CBE182 /* MapViewController.swift in Sources */,
				3F67B1B21C6B76AE00DED0C8 /* College.swift in Sources */,
			);
			runOnlyForDeploymentPostprocessing = 0;
		};
		3F67B11A1C66E3C400DED0C8 /* Sources */ = {
			isa = PBXSourcesBuildPhase;
			buildActionMask = 2147483647;
			files = (
				3F67B1231C66E3C400DED0C8 /* Third_College_Profile_builderTests.swift in Sources */,
			);
			runOnlyForDeploymentPostprocessing = 0;
		};
		3F67B1251C66E3C400DED0C8 /* Sources */ = {
			isa = PBXSourcesBuildPhase;
			buildActionMask = 2147483647;
			files = (
				3F67B12E1C66E3C400DED0C8 /* Third_College_Profile_builderUITests.swift in Sources */,
			);
			runOnlyForDeploymentPostprocessing = 0;
		};
/* End PBXSourcesBuildPhase section */

/* Begin PBXTargetDependency section */
		3F67B1201C66E3C400DED0C8 /* PBXTargetDependency */ = {
			isa = PBXTargetDependency;
			target = 3F67B1091C66E3C400DED0C8 /* Third College Profile builder */;
			targetProxy = 3F67B11F1C66E3C400DED0C8 /* PBXContainerItemProxy */;
		};
		3F67B12B1C66E3C400DED0C8 /* PBXTargetDependency */ = {
			isa = PBXTargetDependency;
			target = 3F67B1091C66E3C400DED0C8 /* Third College Profile builder */;
			targetProxy = 3F67B12A1C66E3C400DED0C8 /* PBXContainerItemProxy */;
		};
/* End PBXTargetDependency section */

/* Begin PBXVariantGroup section */
		3F67B1111C66E3C400DED0C8 /* Main.storyboard */ = {
			isa = PBXVariantGroup;
			children = (
				3F67B1121C66E3C400DED0C8 /* Base */,
			);
			name = Main.storyboard;
			sourceTree = "<group>";
		};
		3F67B1161C66E3C400DED0C8 /* LaunchScreen.storyboard */ = {
			isa = PBXVariantGroup;
			children = (
				3F67B1171C66E3C400DED0C8 /* Base */,
			);
			name = LaunchScreen.storyboard;
			sourceTree = "<group>";
		};
/* End PBXVariantGroup section */

/* Begin XCBuildConfiguration section */
		3F67B1301C66E3C500DED0C8 /* Debug */ = {
			isa = XCBuildConfiguration;
			buildSettings = {
				ALWAYS_SEARCH_USER_PATHS = NO;
				CLANG_CXX_LANGUAGE_STANDARD = "gnu++0x";
				CLANG_CXX_LIBRARY = "libc++";
				CLANG_ENABLE_MODULES = YES;
				CLANG_ENABLE_OBJC_ARC = YES;
				CLANG_WARN_BOOL_CONVERSION = YES;
				CLANG_WARN_CONSTANT_CONVERSION = YES;
				CLANG_WARN_DIRECT_OBJC_ISA_USAGE = YES_ERROR;
				CLANG_WARN_EMPTY_BODY = YES;
				CLANG_WARN_ENUM_CONVERSION = YES;
				CLANG_WARN_INT_CONVERSION = YES;
				CLANG_WARN_OBJC_ROOT_CLASS = YES_ERROR;
				CLANG_WARN_UNREACHABLE_CODE = YES;
				CLANG_WARN__DUPLICATE_METHOD_MATCH = YES;
				"CODE_SIGN_IDENTITY[sdk=iphoneos*]" = "iPhone Developer";
				COPY_PHASE_STRIP = NO;
				DEBUG_INFORMATION_FORMAT = dwarf;
				ENABLE_STRICT_OBJC_MSGSEND = YES;
				ENABLE_TESTABILITY = YES;
				GCC_C_LANGUAGE_STANDARD = gnu99;
				GCC_DYNAMIC_NO_PIC = NO;
				GCC_NO_COMMON_BLOCKS = YES;
				GCC_OPTIMIZATION_LEVEL = 0;
				GCC_PREPROCESSOR_DEFINITIONS = (
					"DEBUG=1",
					"$(inherited)",
				);
				GCC_WARN_64_TO_32_BIT_CONVERSION = YES;
				GCC_WARN_ABOUT_RETURN_TYPE = YES_ERROR;
				GCC_WARN_UNDECLARED_SELECTOR = YES;
				GCC_WARN_UNINITIALIZED_AUTOS = YES_AGGRESSIVE;
				GCC_WARN_UNUSED_FUNCTION = YES;
				GCC_WARN_UNUSED_VARIABLE = YES;
				IPHONEOS_DEPLOYMENT_TARGET = 9.2;
				MTL_ENABLE_DEBUG_INFO = YES;
				ONLY_ACTIVE_ARCH = YES;
				SDKROOT = iphoneos;
				SWIFT_OPTIMIZATION_LEVEL = "-Onone";
				TARGETED_DEVICE_FAMILY = "1,2";
			};
			name = Debug;
		};
		3F67B1311C66E3C500DED0C8 /* Release */ = {
			isa = XCBuildConfiguration;
			buildSettings = {
				ALWAYS_SEARCH_USER_PATHS = NO;
				CLANG_CXX_LANGUAGE_STANDARD = "gnu++0x";
				CLANG_CXX_LIBRARY = "libc++";
				CLANG_ENABLE_MODULES = YES;
				CLANG_ENABLE_OBJC_ARC = YES;
				CLANG_WARN_BOOL_CONVERSION = YES;
				CLANG_WARN_CONSTANT_CONVERSION = YES;
				CLANG_WARN_DIRECT_OBJC_ISA_USAGE = YES_ERROR;
				CLANG_WARN_EMPTY_BODY = YES;
				CLANG_WARN_ENUM_CONVERSION = YES;
				CLANG_WARN_INT_CONVERSION = YES;
				CLANG_WARN_OBJC_ROOT_CLASS = YES_ERROR;
				CLANG_WARN_UNREACHABLE_CODE = YES;
				CLANG_WARN__DUPLICATE_METHOD_MATCH = YES;
				"CODE_SIGN_IDENTITY[sdk=iphoneos*]" = "iPhone Developer";
				COPY_PHASE_STRIP = NO;
				DEBUG_INFORMATION_FORMAT = "dwarf-with-dsym";
				ENABLE_NS_ASSERTIONS = NO;
				ENABLE_STRICT_OBJC_MSGSEND = YES;
				GCC_C_LANGUAGE_STANDARD = gnu99;
				GCC_NO_COMMON_BLOCKS = YES;
				GCC_WARN_64_TO_32_BIT_CONVERSION = YES;
				GCC_WARN_ABOUT_RETURN_TYPE = YES_ERROR;
				GCC_WARN_UNDECLARED_SELECTOR = YES;
				GCC_WARN_UNINITIALIZED_AUTOS = YES_AGGRESSIVE;
				GCC_WARN_UNUSED_FUNCTION = YES;
				GCC_WARN_UNUSED_VARIABLE = YES;
				IPHONEOS_DEPLOYMENT_TARGET = 9.2;
				MTL_ENABLE_DEBUG_INFO = NO;
				SDKROOT = iphoneos;
				TARGETED_DEVICE_FAMILY = "1,2";
				VALIDATE_PRODUCT = YES;
			};
			name = Release;
		};
		3F67B1331C66E3C500DED0C8 /* Debug */ = {
			isa = XCBuildConfiguration;
			buildSettings = {
				ASSETCATALOG_COMPILER_APPICON_NAME = AppIcon;
				INFOPLIST_FILE = "Third College Profile builder/Info.plist";
				LD_RUNPATH_SEARCH_PATHS = "$(inherited) @executable_path/Frameworks";
				PRODUCT_BUNDLE_IDENTIFIER = "Ryan.Third-College-Profile-builder";
				PRODUCT_NAME = "$(TARGET_NAME)";
			};
			name = Debug;
		};
		3F67B1341C66E3C500DED0C8 /* Release */ = {
			isa = XCBuildConfiguration;
			buildSettings = {
				ASSETCATALOG_COMPILER_APPICON_NAME = AppIcon;
				INFOPLIST_FILE = "Third College Profile builder/Info.plist";
				LD_RUNPATH_SEARCH_PATHS = "$(inherited) @executable_path/Frameworks";
				PRODUCT_BUNDLE_IDENTIFIER = "Ryan.Third-College-Profile-builder";
				PRODUCT_NAME = "$(TARGET_NAME)";
			};
			name = Release;
		};
		3F67B1361C66E3C500DED0C8 /* Debug */ = {
			isa = XCBuildConfiguration;
			buildSettings = {
				BUNDLE_LOADER = "$(TEST_HOST)";
				INFOPLIST_FILE = "Third College Profile builderTests/Info.plist";
				LD_RUNPATH_SEARCH_PATHS = "$(inherited) @executable_path/Frameworks @loader_path/Frameworks";
				PRODUCT_BUNDLE_IDENTIFIER = "Ryan.Third-College-Profile-builderTests";
				PRODUCT_NAME = "$(TARGET_NAME)";
				TEST_HOST = "$(BUILT_PRODUCTS_DIR)/Third College Profile builder.app/Third College Profile builder";
			};
			name = Debug;
		};
		3F67B1371C66E3C500DED0C8 /* Release */ = {
			isa = XCBuildConfiguration;
			buildSettings = {
				BUNDLE_LOADER = "$(TEST_HOST)";
				INFOPLIST_FILE = "Third College Profile builderTests/Info.plist";
				LD_RUNPATH_SEARCH_PATHS = "$(inherited) @executable_path/Frameworks @loader_path/Frameworks";
				PRODUCT_BUNDLE_IDENTIFIER = "Ryan.Third-College-Profile-builderTests";
				PRODUCT_NAME = "$(TARGET_NAME)";
				TEST_HOST = "$(BUILT_PRODUCTS_DIR)/Third College Profile builder.app/Third College Profile builder";
			};
			name = Release;
		};
		3F67B1391C66E3C500DED0C8 /* Debug */ = {
			isa = XCBuildConfiguration;
			buildSettings = {
				INFOPLIST_FILE = "Third College Profile builderUITests/Info.plist";
				LD_RUNPATH_SEARCH_PATHS = "$(inherited) @executable_path/Frameworks @loader_path/Frameworks";
				PRODUCT_BUNDLE_IDENTIFIER = "Ryan.Third-College-Profile-builderUITests";
				PRODUCT_NAME = "$(TARGET_NAME)";
				TEST_TARGET_NAME = "Third College Profile builder";
				USES_XCTRUNNER = YES;
			};
			name = Debug;
		};
		3F67B13A1C66E3C500DED0C8 /* Release */ = {
			isa = XCBuildConfiguration;
			buildSettings = {
				INFOPLIST_FILE = "Third College Profile builderUITests/Info.plist";
				LD_RUNPATH_SEARCH_PATHS = "$(inherited) @executable_path/Frameworks @loader_path/Frameworks";
				PRODUCT_BUNDLE_IDENTIFIER = "Ryan.Third-College-Profile-builderUITests";
				PRODUCT_NAME = "$(TARGET_NAME)";
				TEST_TARGET_NAME = "Third College Profile builder";
				USES_XCTRUNNER = YES;
			};
			name = Release;
		};
/* End XCBuildConfiguration section */

/* Begin XCConfigurationList section */
		3F67B1051C66E3C400DED0C8 /* Build configuration list for PBXProject "Third College Profile builder" */ = {
			isa = XCConfigurationList;
			buildConfigurations = (
				3F67B1301C66E3C500DED0C8 /* Debug */,
				3F67B1311C66E3C500DED0C8 /* Release */,
			);
			defaultConfigurationIsVisible = 0;
			defaultConfigurationName = Release;
		};
		3F67B1321C66E3C500DED0C8 /* Build configuration list for PBXNativeTarget "Third College Profile builder" */ = {
			isa = XCConfigurationList;
			buildConfigurations = (
				3F67B1331C66E3C500DED0C8 /* Debug */,
				3F67B1341C66E3C500DED0C8 /* Release */,
			);
			defaultConfigurationIsVisible = 0;
			defaultConfigurationName = Release;
		};
		3F67B1351C66E3C500DED0C8 /* Build configuration list for PBXNativeTarget "Third College Profile builderTests" */ = {
			isa = XCConfigurationList;
			buildConfigurations = (
				3F67B1361C66E3C500DED0C8 /* Debug */,
				3F67B1371C66E3C500DED0C8 /* Release */,
			);
			defaultConfigurationIsVisible = 0;
			defaultConfigurationName = Release;
		};
		3F67B1381C66E3C500DED0C8 /* Build configuration list for PBXNativeTarget "Third College Profile builderUITests" */ = {
			isa = XCConfigurationList;
			buildConfigurations = (
				3F67B1391C66E3C500DED0C8 /* Debug */,
				3F67B13A1C66E3C500DED0C8 /* Release */,
			);
			defaultConfigurationIsVisible = 0;
			defaultConfigurationName = Release;
		};
/* End XCConfigurationList section */
	};
	rootObject = 3F67B1021C66E3C400DED0C8 /* Project object */;
}
